
Microsoft Visual Studio Solution File, Format Version 12.00
# Visual Studio Version 16
VisualStudioVersion = 16.0.30509.190
MinimumVisualStudioVersion = 10.0.40219.1
Project("{FAE04EC0-301F-11D3-BF4B-00C04F79EFBC}") = "backend", "backend\backend.csproj", "{F4BB37D2-8AC5-4C1D-AEE6-5D0D17F07053}"
EndProject
Global
	GlobalSection(SolutionConfigurationPlatforms) = preSolution
		Debug|Any CPU = Debug|Any CPU
		Release|Any CPU = Release|Any CPU
	EndGlobalSection
	GlobalSection(ProjectConfigurationPlatforms) = postSolution
		{F4BB37D2-8AC5-4C1D-AEE6-5D0D17F07053}.Debug|Any CPU.ActiveCfg = Debug|Any CPU
		{F4BB37D2-8AC5-4C1D-AEE6-5D0D17F07053}.Debug|Any CPU.Build.0 = Debug|Any CPU
		{F4BB37D2-8AC5-4C1D-AEE6-5D0D17F07053}.Release|Any CPU.ActiveCfg = Release|Any CPU
		{F4BB37D2-8AC5-4C1D-AEE6-5D0D17F07053}.Release|Any CPU.Build.0 = Release|Any CPU
	EndGlobalSection
	GlobalSection(SolutionProperties) = preSolution
		HideSolutionNode = FALSE
	EndGlobalSection
	GlobalSection(ExtensibilityGlobals) = postSolution
		SolutionGuid = {C924BCD9-9DEE-4C6F-960B-70AADC05E27E}
	EndGlobalSection
EndGlobal
